
Microsoft Visual Studio Solution File, Format Version 12.00
# Visual Studio Version 17
VisualStudioVersion = 17.5.33414.496
MinimumVisualStudioVersion = 10.0.40219.1
Project("{8BC9CEB8-8B4A-11D0-8D11-00A0C91BC942}") = "S23_Game", "S23_Game\S23_Game.vcxproj", "{C6CFFE4A-084A-4125-82E3-B04A54C728A2}"
EndProject
Project("{8BC9CEB8-8B4A-11D0-8D11-00A0C91BC942}") = "AEngine", "AEngine\AEngine.vcxproj", "{39DE6B08-8EBA-4C44-AC6F-85DADA33AEEE}"
EndProject
Project("{8BC9CEB8-8B4A-11D0-8D11-00A0C91BC942}") = "glfw", "glfw_build\src\glfw.vcxproj", "{D7FA134D-F9F4-3AB0-8B1B-05C56862500F}"
EndProject
Global
	GlobalSection(SolutionConfigurationPlatforms) = preSolution
		Debug|x64 = Debug|x64
		Debug|x86 = Debug|x86
		MinSizeRel|x64 = MinSizeRel|x64
		MinSizeRel|x86 = MinSizeRel|x86
		Release|x64 = Release|x64
		Release|x86 = Release|x86
		RelWithDebInfo|x64 = RelWithDebInfo|x64
		RelWithDebInfo|x86 = RelWithDebInfo|x86
	EndGlobalSection
	GlobalSection(ProjectConfigurationPlatforms) = postSolution
		{C6CFFE4A-084A-4125-82E3-B04A54C728A2}.Debug|x64.ActiveCfg = Debug|x64
		{C6CFFE4A-084A-4125-82E3-B04A54C728A2}.Debug|x64.Build.0 = Debug|x64
		{C6CFFE4A-084A-4125-82E3-B04A54C728A2}.Debug|x86.ActiveCfg = Debug|Win32
		{C6CFFE4A-084A-4125-82E3-B04A54C728A2}.Debug|x86.Build.0 = Debug|Win32
		{C6CFFE4A-084A-4125-82E3-B04A54C728A2}.MinSizeRel|x64.ActiveCfg = Debug|x64
		{C6CFFE4A-084A-4125-82E3-B04A54C728A2}.MinSizeRel|x64.Build.0 = Debug|x64
		{C6CFFE4A-084A-4125-82E3-B04A54C728A2}.MinSizeRel|x86.ActiveCfg = Debug|Win32
		{C6CFFE4A-084A-4125-82E3-B04A54C728A2}.MinSizeRel|x86.Build.0 = Debug|Win32
		{C6CFFE4A-084A-4125-82E3-B04A54C728A2}.Release|x64.ActiveCfg = Release|x64
		{C6CFFE4A-084A-4125-82E3-B04A54C728A2}.Release|x64.Build.0 = Release|x64
		{C6CFFE4A-084A-4125-82E3-B04A54C728A2}.Release|x86.ActiveCfg = Release|Win32
		{C6CFFE4A-084A-4125-82E3-B04A54C728A2}.Release|x86.Build.0 = Release|Win32
		{C6CFFE4A-084A-4125-82E3-B04A54C728A2}.RelWithDebInfo|x64.ActiveCfg = Release|x64
		{C6CFFE4A-084A-4125-82E3-B04A54C728A2}.RelWithDebInfo|x64.Build.0 = Release|x64
		{C6CFFE4A-084A-4125-82E3-B04A54C728A2}.RelWithDebInfo|x86.ActiveCfg = Release|Win32
		{C6CFFE4A-084A-4125-82E3-B04A54C728A2}.RelWithDebInfo|x86.Build.0 = Release|Win32
		{39DE6B08-8EBA-4C44-AC6F-85DADA33AEEE}.Debug|x64.ActiveCfg = Debug|x64
		{39DE6B08-8EBA-4C44-AC6F-85DADA33AEEE}.Debug|x64.Build.0 = Debug|x64
		{39DE6B08-8EBA-4C44-AC6F-85DADA33AEEE}.Debug|x86.ActiveCfg = Debug|Win32
		{39DE6B08-8EBA-4C44-AC6F-85DADA33AEEE}.Debug|x86.Build.0 = Debug|Win32
		{39DE6B08-8EBA-4C44-AC6F-85DADA33AEEE}.MinSizeRel|x64.ActiveCfg = Debug|x64
		{39DE6B08-8EBA-4C44-AC6F-85DADA33AEEE}.MinSizeRel|x64.Build.0 = Debug|x64
		{39DE6B08-8EBA-4C44-AC6F-85DADA33AEEE}.MinSizeRel|x86.ActiveCfg = Debug|Win32
		{39DE6B08-8EBA-4C44-AC6F-85DADA33AEEE}.MinSizeRel|x86.Build.0 = Debug|Win32
		{39DE6B08-8EBA-4C44-AC6F-85DADA33AEEE}.Release|x64.ActiveCfg = Release|x64
		{39DE6B08-8EBA-4C44-AC6F-85DADA33AEEE}.Release|x64.Build.0 = Release|x64
		{39DE6B08-8EBA-4C44-AC6F-85DADA33AEEE}.Release|x86.ActiveCfg = Release|Win32
		{39DE6B08-8EBA-4C44-AC6F-85DADA33AEEE}.Release|x86.Build.0 = Release|Win32
		{39DE6B08-8EBA-4C44-AC6F-85DADA33AEEE}.RelWithDebInfo|x64.ActiveCfg = Release|x64
		{39DE6B08-8EBA-4C44-AC6F-85DADA33AEEE}.RelWithDebInfo|x64.Build.0 = Release|x64
		{39DE6B08-8EBA-4C44-AC6F-85DADA33AEEE}.RelWithDebInfo|x86.ActiveCfg = Release|Win32
		{39DE6B08-8EBA-4C44-AC6F-85DADA33AEEE}.RelWithDebInfo|x86.Build.0 = Release|Win32
		{D7FA134D-F9F4-3AB0-8B1B-05C56862500F}.Debug|x64.ActiveCfg = Debug|x64
		{D7FA134D-F9F4-3AB0-8B1B-05C56862500F}.Debug|x64.Build.0 = Debug|x64
		{D7FA134D-F9F4-3AB0-8B1B-05C56862500F}.Debug|x86.ActiveCfg = Debug|x64
		{D7FA134D-F9F4-3AB0-8B1B-05C56862500F}.Debug|x86.Build.0 = Debug|x64
		{D7FA134D-F9F4-3AB0-8B1B-05C56862500F}.MinSizeRel|x64.ActiveCfg = MinSizeRel|x64
		{D7FA134D-F9F4-3AB0-8B1B-05C56862500F}.MinSizeRel|x64.Build.0 = MinSizeRel|x64
		{D7FA134D-F9F4-3AB0-8B1B-05C56862500F}.MinSizeRel|x86.ActiveCfg = MinSizeRel|x64
		{D7FA134D-F9F4-3AB0-8B1B-05C56862500F}.MinSizeRel|x86.Build.0 = MinSizeRel|x64
		{D7FA134D-F9F4-3AB0-8B1B-05C56862500F}.Release|x64.ActiveCfg = Release|x64
		{D7FA134D-F9F4-3AB0-8B1B-05C56862500F}.Release|x64.Build.0 = Release|x64
		{D7FA134D-F9F4-3AB0-8B1B-05C56862500F}.Release|x86.ActiveCfg = Release|x64
		{D7FA134D-F9F4-3AB0-8B1B-05C56862500F}.Release|x86.Build.0 = Release|x64
		{D7FA134D-F9F4-3AB0-8B1B-05C56862500F}.RelWithDebInfo|x64.ActiveCfg = RelWithDebInfo|x64
		{D7FA134D-F9F4-3AB0-8B1B-05C56862500F}.RelWithDebInfo|x64.Build.0 = RelWithDebInfo|x64
		{D7FA134D-F9F4-3AB0-8B1B-05C56862500F}.RelWithDebInfo|x86.ActiveCfg = RelWithDebInfo|x64
		{D7FA134D-F9F4-3AB0-8B1B-05C56862500F}.RelWithDebInfo|x86.Build.0 = RelWithDebInfo|x64
	EndGlobalSection
	GlobalSection(SolutionProperties) = preSolution
		HideSolutionNode = FALSE
	EndGlobalSection
	GlobalSection(ExtensibilityGlobals) = postSolution
		SolutionGuid = {A24721FB-50B8-412B-956E-44344CF84AA1}
	EndGlobalSection
EndGlobal
